# This file is automatically @generated by Cargo.
# It is not intended for manual editing.
[[package]]
name = "arbitrary"
version = "0.4.5"
source = "registry+https://github.com/rust-lang/crates.io-index"
checksum = "7cb544f1057eaaff4b34f8c4dcf56fc3cd04debd291998405d135017a7c3c0f4"
dependencies = [
 "derive_arbitrary",
]

[[package]]
name = "cc"
version = "1.0.56"
source = "registry+https://github.com/rust-lang/crates.io-index"
checksum = "77c1f1d60091c1b73e2b1f4560ab419204b178e625fa945ded7b660becd2bd46"

[[package]]
name = "derive_arbitrary"
version = "0.4.5"
source = "registry+https://github.com/rust-lang/crates.io-index"
checksum = "02b43185d3e7ce7dcd44a23ca761ec026359753ebf480283a571e6463853d2ef"
dependencies = [
 "proc-macro2",
 "quote",
 "syn",
]

[[package]]
name = "example_arbitrary"
version = "0.1.0"
dependencies = [
 "libfuzzer-sys",
]

[[package]]
name = "libfuzzer-sys"
version = "0.3.2"
dependencies = [
 "arbitrary",
 "cc",
]

[[package]]
name = "proc-macro2"
version = "1.0.18"
source = "registry+https://github.com/rust-lang/crates.io-index"
checksum = "beae6331a816b1f65d04c45b078fd8e6c93e8071771f41b8163255bbd8d7c8fa"
dependencies = [
 "unicode-xid",
]

[[package]]
name = "quote"
version = "1.0.7"
source = "registry+https://github.com/rust-lang/crates.io-index"
checksum = "aa563d17ecb180e500da1cfd2b028310ac758de548efdd203e18f283af693f37"
dependencies = [
 "proc-macro2",
]

[[package]]
name = "syn"
version = "1.0.33"
source = "registry+https://github.com/rust-lang/crates.io-index"
checksum = "e8d5d96e8cbb005d6959f119f773bfaebb5684296108fb32600c00cde305b2cd"
dependencies = [
 "proc-macro2",
 "quote",
 "unicode-xid",
]

[[package]]
name = "unicode-xid"
version = "0.2.1"
source = "registry+https://github.com/rust-lang/crates.io-index"
checksum = "f7fe0bb3479651439c9112f72b6c505038574c9fbb575ed1bf3b797fa39dd564"
