# This file is automatically @generated by Cargo.
# It is not intended for manual editing.
[[package]]
name = "arbitrary"
version = "0.4.5"
source = "registry+https://github.com/rust-lang/crates.io-index"
checksum = "7cb544f1057eaaff4b34f8c4dcf56fc3cd04debd291998405d135017a7c3c0f4"

[[package]]
name = "cc"
version = "1.0.56"
source = "registry+https://github.com/rust-lang/crates.io-index"
checksum = "77c1f1d60091c1b73e2b1f4560ab419204b178e625fa945ded7b660becd2bd46"

[[package]]
name = "example"
version = "0.1.0"
dependencies = [
 "libfuzzer-sys",
]

[[package]]
name = "libfuzzer-sys"
version = "0.3.2"
dependencies = [
 "arbitrary",
 "cc",
]
